
Microsoft Visual Studio Solution File, Format Version 12.00
# Visual Studio Version 17
VisualStudioVersion = 17.3.32922.545
MinimumVisualStudioVersion = 10.0.40219.1
Project("{FAE04EC0-301F-11D3-BF4B-00C04F79EFBC}") = "hellow world", "hellow world\hellow world.csproj", "{B84D2F1B-E9B1-4BF3-A78A-DE147573E3D7}"
EndProject
Global
	GlobalSection(SolutionConfigurationPlatforms) = preSolution
		Debug|Any CPU = Debug|Any CPU
		Release|Any CPU = Release|Any CPU
	EndGlobalSection
	GlobalSection(ProjectConfigurationPlatforms) = postSolution
		{B84D2F1B-E9B1-4BF3-A78A-DE147573E3D7}.Debug|Any CPU.ActiveCfg = Debug|Any CPU
		{B84D2F1B-E9B1-4BF3-A78A-DE147573E3D7}.Debug|Any CPU.Build.0 = Debug|Any CPU
		{B84D2F1B-E9B1-4BF3-A78A-DE147573E3D7}.Release|Any CPU.ActiveCfg = Release|Any CPU
		{B84D2F1B-E9B1-4BF3-A78A-DE147573E3D7}.Release|Any CPU.Build.0 = Release|Any CPU
	EndGlobalSection
	GlobalSection(SolutionProperties) = preSolution
		HideSolutionNode = FALSE
	EndGlobalSection
	GlobalSection(ExtensibilityGlobals) = postSolution
		SolutionGuid = {D004A0D2-7D35-4E94-864E-7CACC46BC3A9}
	EndGlobalSection
EndGlobal
